
Microsoft Visual Studio Solution File, Format Version 12.00
# Visual Studio 2012
Project("{8BC9CEB8-8B4A-11D0-8D11-00A0C91BC942}") = "LR1", "LR1\LR1.vcxproj", "{5D05FF4F-5D25-4E0B-B41B-6D49DAD0B82F}"
EndProject
Global
	GlobalSection(SolutionConfigurationPlatforms) = preSolution
		Debug|Win32 = Debug|Win32
		Release|Win32 = Release|Win32
	EndGlobalSection
	GlobalSection(ProjectConfigurationPlatforms) = postSolution
		{5D05FF4F-5D25-4E0B-B41B-6D49DAD0B82F}.Debug|Win32.ActiveCfg = Debug|Win32
		{5D05FF4F-5D25-4E0B-B41B-6D49DAD0B82F}.Debug|Win32.Build.0 = Debug|Win32
		{5D05FF4F-5D25-4E0B-B41B-6D49DAD0B82F}.Debug|Win32.Deploy.0 = Debug|Win32
		{5D05FF4F-5D25-4E0B-B41B-6D49DAD0B82F}.Release|Win32.ActiveCfg = Release|Win32
		{5D05FF4F-5D25-4E0B-B41B-6D49DAD0B82F}.Release|Win32.Build.0 = Release|Win32
		{5D05FF4F-5D25-4E0B-B41B-6D49DAD0B82F}.Release|Win32.Deploy.0 = Release|Win32
	EndGlobalSection
	GlobalSection(SolutionProperties) = preSolution
		HideSolutionNode = FALSE
	EndGlobalSection
EndGlobal
